# This file is automatically @generated by Cargo.
# It is not intended for manual editing.
[[package]]
name = "custom_error"
version = "1.8.0"
source = "registry+https://github.com/rust-lang/crates.io-index"
checksum = "51ac5e99a7fea3ee8a03fa4721a47e2efd3fbb38358fc61192a54d4c6f866c12"

[[package]]
name = "day-01"
version = "0.1.0"
dependencies = [
 "custom_error",
 "itertools",
]

[[package]]
name = "either"
version = "1.6.1"
source = "registry+https://github.com/rust-lang/crates.io-index"
checksum = "e78d4f1cc4ae33bbfc157ed5d5a5ef3bc29227303d595861deb238fcec4e9457"

[[package]]
name = "itertools"
version = "0.9.0"
source = "registry+https://github.com/rust-lang/crates.io-index"
checksum = "284f18f85651fe11e8a991b2adb42cb078325c996ed026d994719efcfca1d54b"
dependencies = [
 "either",
]
