# This file is automatically @generated by Cargo.
# It is not intended for manual editing.
[[package]]
name = "custom_error"
version = "1.8.0"
source = "registry+https://github.com/rust-lang/crates.io-index"
checksum = "51ac5e99a7fea3ee8a03fa4721a47e2efd3fbb38358fc61192a54d4c6f866c12"

[[package]]
name = "day-21"
version = "0.1.0"
dependencies = [
 "custom_error",
]
